
Microsoft Visual Studio Solution File, Format Version 12.00
# Visual Studio 15
VisualStudioVersion = 15.0.28307.136
MinimumVisualStudioVersion = 10.0.40219.1
Project("{FAE04EC0-301F-11D3-BF4B-00C04F79EFBC}") = "QLD.API", "QLD.API\QLD.API.csproj", "{5ACA7BB9-0A12-45CE-BCBA-82AC21EC614E}"
EndProject
Project("{FAE04EC0-301F-11D3-BF4B-00C04F79EFBC}") = "QLD.CLIENT", "QLD.CLIENT\QLD.CLIENT.csproj", "{1B10A428-7452-463A-98CB-A3166BE972ED}"
EndProject
Project("{2150E333-8FDC-42A3-9474-1A3956D46DE8}") = "Frameworks", "Frameworks", "{64CC5E1B-D9F6-4274-9C6C-26BE5D1C094D}"
EndProject
Project("{FAE04EC0-301F-11D3-BF4B-00C04F79EFBC}") = "Repository.Pattern", "Frameworks\Repository.Pattern\Repository.Pattern.csproj", "{6E682A14-C872-4813-B620-76E108DEA683}"
EndProject
Project("{FAE04EC0-301F-11D3-BF4B-00C04F79EFBC}") = "Repository.Pattern.Ef6", "Frameworks\Repository.Pattern.Ef6\Repository.Pattern.Ef6.csproj", "{F68A1D19-93FB-47C1-A22B-42BEA3E4FD8C}"
EndProject
Project("{FAE04EC0-301F-11D3-BF4B-00C04F79EFBC}") = "Service.Pattern", "Frameworks\Service.Pattern\Service.Pattern.csproj", "{A0ABAF30-84D8-4C93-A719-96FB2DC8A639}"
EndProject
Project("{FAE04EC0-301F-11D3-BF4B-00C04F79EFBC}") = "QLD.ENTITY", "QLD.ENTITY\QLD.ENTITY.csproj", "{76E09A9A-AADE-460A-8FED-F4928F1D2582}"
EndProject
Project("{FAE04EC0-301F-11D3-BF4B-00C04F79EFBC}") = "QLD.SERVICE", "QLD.SERVICE\QLD.SERVICE.csproj", "{94D48728-1747-41E3-8294-4C1CB84AD551}"
EndProject
Project("{FAE04EC0-301F-11D3-BF4B-00C04F79EFBC}") = "QLD.Util", "QLD.Util\QLD.Util.csproj", "{FDF3FFEC-DB0C-4C32-82B4-A2C7CD0ECD57}"
EndProject
Global
	GlobalSection(SolutionConfigurationPlatforms) = preSolution
		Debug|Any CPU = Debug|Any CPU
		Debug|x86 = Debug|x86
		Release|Any CPU = Release|Any CPU
		Release|x86 = Release|x86
	EndGlobalSection
	GlobalSection(ProjectConfigurationPlatforms) = postSolution
		{5ACA7BB9-0A12-45CE-BCBA-82AC21EC614E}.Debug|Any CPU.ActiveCfg = Debug|Any CPU
		{5ACA7BB9-0A12-45CE-BCBA-82AC21EC614E}.Debug|Any CPU.Build.0 = Debug|Any CPU
		{5ACA7BB9-0A12-45CE-BCBA-82AC21EC614E}.Debug|x86.ActiveCfg = Debug|Any CPU
		{5ACA7BB9-0A12-45CE-BCBA-82AC21EC614E}.Debug|x86.Build.0 = Debug|Any CPU
		{5ACA7BB9-0A12-45CE-BCBA-82AC21EC614E}.Release|Any CPU.ActiveCfg = Release|Any CPU
		{5ACA7BB9-0A12-45CE-BCBA-82AC21EC614E}.Release|Any CPU.Build.0 = Release|Any CPU
		{5ACA7BB9-0A12-45CE-BCBA-82AC21EC614E}.Release|x86.ActiveCfg = Release|Any CPU
		{5ACA7BB9-0A12-45CE-BCBA-82AC21EC614E}.Release|x86.Build.0 = Release|Any CPU
		{1B10A428-7452-463A-98CB-A3166BE972ED}.Debug|Any CPU.ActiveCfg = Debug|Any CPU
		{1B10A428-7452-463A-98CB-A3166BE972ED}.Debug|Any CPU.Build.0 = Debug|Any CPU
		{1B10A428-7452-463A-98CB-A3166BE972ED}.Debug|x86.ActiveCfg = Debug|Any CPU
		{1B10A428-7452-463A-98CB-A3166BE972ED}.Debug|x86.Build.0 = Debug|Any CPU
		{1B10A428-7452-463A-98CB-A3166BE972ED}.Release|Any CPU.ActiveCfg = Release|Any CPU
		{1B10A428-7452-463A-98CB-A3166BE972ED}.Release|Any CPU.Build.0 = Release|Any CPU
		{1B10A428-7452-463A-98CB-A3166BE972ED}.Release|x86.ActiveCfg = Release|Any CPU
		{1B10A428-7452-463A-98CB-A3166BE972ED}.Release|x86.Build.0 = Release|Any CPU
		{6E682A14-C872-4813-B620-76E108DEA683}.Debug|Any CPU.ActiveCfg = Debug|Any CPU
		{6E682A14-C872-4813-B620-76E108DEA683}.Debug|Any CPU.Build.0 = Debug|Any CPU
		{6E682A14-C872-4813-B620-76E108DEA683}.Debug|x86.ActiveCfg = Debug|x86
		{6E682A14-C872-4813-B620-76E108DEA683}.Debug|x86.Build.0 = Debug|x86
		{6E682A14-C872-4813-B620-76E108DEA683}.Release|Any CPU.ActiveCfg = Release|Any CPU
		{6E682A14-C872-4813-B620-76E108DEA683}.Release|Any CPU.Build.0 = Release|Any CPU
		{6E682A14-C872-4813-B620-76E108DEA683}.Release|x86.ActiveCfg = Release|x86
		{6E682A14-C872-4813-B620-76E108DEA683}.Release|x86.Build.0 = Release|x86
		{F68A1D19-93FB-47C1-A22B-42BEA3E4FD8C}.Debug|Any CPU.ActiveCfg = Debug|Any CPU
		{F68A1D19-93FB-47C1-A22B-42BEA3E4FD8C}.Debug|Any CPU.Build.0 = Debug|Any CPU
		{F68A1D19-93FB-47C1-A22B-42BEA3E4FD8C}.Debug|x86.ActiveCfg = Debug|Any CPU
		{F68A1D19-93FB-47C1-A22B-42BEA3E4FD8C}.Debug|x86.Build.0 = Debug|Any CPU
		{F68A1D19-93FB-47C1-A22B-42BEA3E4FD8C}.Release|Any CPU.ActiveCfg = Release|Any CPU
		{F68A1D19-93FB-47C1-A22B-42BEA3E4FD8C}.Release|Any CPU.Build.0 = Release|Any CPU
		{F68A1D19-93FB-47C1-A22B-42BEA3E4FD8C}.Release|x86.ActiveCfg = Release|Any CPU
		{F68A1D19-93FB-47C1-A22B-42BEA3E4FD8C}.Release|x86.Build.0 = Release|Any CPU
		{A0ABAF30-84D8-4C93-A719-96FB2DC8A639}.Debug|Any CPU.ActiveCfg = Debug|Any CPU
		{A0ABAF30-84D8-4C93-A719-96FB2DC8A639}.Debug|Any CPU.Build.0 = Debug|Any CPU
		{A0ABAF30-84D8-4C93-A719-96FB2DC8A639}.Debug|x86.ActiveCfg = Debug|Any CPU
		{A0ABAF30-84D8-4C93-A719-96FB2DC8A639}.Debug|x86.Build.0 = Debug|Any CPU
		{A0ABAF30-84D8-4C93-A719-96FB2DC8A639}.Release|Any CPU.ActiveCfg = Release|Any CPU
		{A0ABAF30-84D8-4C93-A719-96FB2DC8A639}.Release|Any CPU.Build.0 = Release|Any CPU
		{A0ABAF30-84D8-4C93-A719-96FB2DC8A639}.Release|x86.ActiveCfg = Release|Any CPU
		{A0ABAF30-84D8-4C93-A719-96FB2DC8A639}.Release|x86.Build.0 = Release|Any CPU
		{76E09A9A-AADE-460A-8FED-F4928F1D2582}.Debug|Any CPU.ActiveCfg = Debug|Any CPU
		{76E09A9A-AADE-460A-8FED-F4928F1D2582}.Debug|Any CPU.Build.0 = Debug|Any CPU
		{76E09A9A-AADE-460A-8FED-F4928F1D2582}.Debug|x86.ActiveCfg = Debug|Any CPU
		{76E09A9A-AADE-460A-8FED-F4928F1D2582}.Debug|x86.Build.0 = Debug|Any CPU
		{76E09A9A-AADE-460A-8FED-F4928F1D2582}.Release|Any CPU.ActiveCfg = Release|Any CPU
		{76E09A9A-AADE-460A-8FED-F4928F1D2582}.Release|Any CPU.Build.0 = Release|Any CPU
		{76E09A9A-AADE-460A-8FED-F4928F1D2582}.Release|x86.ActiveCfg = Release|Any CPU
		{76E09A9A-AADE-460A-8FED-F4928F1D2582}.Release|x86.Build.0 = Release|Any CPU
		{94D48728-1747-41E3-8294-4C1CB84AD551}.Debug|Any CPU.ActiveCfg = Debug|Any CPU
		{94D48728-1747-41E3-8294-4C1CB84AD551}.Debug|Any CPU.Build.0 = Debug|Any CPU
		{94D48728-1747-41E3-8294-4C1CB84AD551}.Debug|x86.ActiveCfg = Debug|Any CPU
		{94D48728-1747-41E3-8294-4C1CB84AD551}.Debug|x86.Build.0 = Debug|Any CPU
		{94D48728-1747-41E3-8294-4C1CB84AD551}.Release|Any CPU.ActiveCfg = Release|Any CPU
		{94D48728-1747-41E3-8294-4C1CB84AD551}.Release|Any CPU.Build.0 = Release|Any CPU
		{94D48728-1747-41E3-8294-4C1CB84AD551}.Release|x86.ActiveCfg = Release|Any CPU
		{94D48728-1747-41E3-8294-4C1CB84AD551}.Release|x86.Build.0 = Release|Any CPU
		{FDF3FFEC-DB0C-4C32-82B4-A2C7CD0ECD57}.Debug|Any CPU.ActiveCfg = Debug|Any CPU
		{FDF3FFEC-DB0C-4C32-82B4-A2C7CD0ECD57}.Debug|Any CPU.Build.0 = Debug|Any CPU
		{FDF3FFEC-DB0C-4C32-82B4-A2C7CD0ECD57}.Debug|x86.ActiveCfg = Debug|Any CPU
		{FDF3FFEC-DB0C-4C32-82B4-A2C7CD0ECD57}.Debug|x86.Build.0 = Debug|Any CPU
		{FDF3FFEC-DB0C-4C32-82B4-A2C7CD0ECD57}.Release|Any CPU.ActiveCfg = Release|Any CPU
		{FDF3FFEC-DB0C-4C32-82B4-A2C7CD0ECD57}.Release|Any CPU.Build.0 = Release|Any CPU
		{FDF3FFEC-DB0C-4C32-82B4-A2C7CD0ECD57}.Release|x86.ActiveCfg = Release|Any CPU
		{FDF3FFEC-DB0C-4C32-82B4-A2C7CD0ECD57}.Release|x86.Build.0 = Release|Any CPU
	EndGlobalSection
	GlobalSection(SolutionProperties) = preSolution
		HideSolutionNode = FALSE
	EndGlobalSection
	GlobalSection(NestedProjects) = preSolution
		{6E682A14-C872-4813-B620-76E108DEA683} = {64CC5E1B-D9F6-4274-9C6C-26BE5D1C094D}
		{F68A1D19-93FB-47C1-A22B-42BEA3E4FD8C} = {64CC5E1B-D9F6-4274-9C6C-26BE5D1C094D}
		{A0ABAF30-84D8-4C93-A719-96FB2DC8A639} = {64CC5E1B-D9F6-4274-9C6C-26BE5D1C094D}
	EndGlobalSection
	GlobalSection(ExtensibilityGlobals) = postSolution
		SolutionGuid = {84C8859E-32F6-4E9C-9FD6-AB0CD0DB0BD2}
	EndGlobalSection
EndGlobal
